
Microsoft Visual Studio Solution File, Format Version 12.00
# Visual Studio Version 17
VisualStudioVersion = 17.2.32630.192
MinimumVisualStudioVersion = 10.0.40219.1
Project("{FAE04EC0-301F-11D3-BF4B-00C04F79EFBC}") = "OTusHomeWork_delegate_event", "OTusHomeWork_delegate_event\OTusHomeWork_delegate_event.csproj", "{050AB195-9621-4570-9173-925BB5BB9F39}"
EndProject
Global
	GlobalSection(SolutionConfigurationPlatforms) = preSolution
		Debug|Any CPU = Debug|Any CPU
		Release|Any CPU = Release|Any CPU
	EndGlobalSection
	GlobalSection(ProjectConfigurationPlatforms) = postSolution
		{050AB195-9621-4570-9173-925BB5BB9F39}.Debug|Any CPU.ActiveCfg = Debug|Any CPU
		{050AB195-9621-4570-9173-925BB5BB9F39}.Debug|Any CPU.Build.0 = Debug|Any CPU
		{050AB195-9621-4570-9173-925BB5BB9F39}.Release|Any CPU.ActiveCfg = Release|Any CPU
		{050AB195-9621-4570-9173-925BB5BB9F39}.Release|Any CPU.Build.0 = Release|Any CPU
	EndGlobalSection
	GlobalSection(SolutionProperties) = preSolution
		HideSolutionNode = FALSE
	EndGlobalSection
	GlobalSection(ExtensibilityGlobals) = postSolution
		SolutionGuid = {BDF4C3A6-8A06-478D-8C60-FD3DF924866E}
	EndGlobalSection
EndGlobal
